
Microsoft Visual Studio Solution File, Format Version 12.00
# Visual Studio Version 17
VisualStudioVersion = 17.0.32014.148
MinimumVisualStudioVersion = 10.0.40219.1
Project("{FAE04EC0-301F-11D3-BF4B-00C04F79EFBC}") = "Lab4", "Lab4.csproj", "{A3D0DC57-6F23-4F91-9EA0-1A3D69FBD43D}"
EndProject
Global
	GlobalSection(SolutionConfigurationPlatforms) = preSolution
		Debug|Any CPU = Debug|Any CPU
		Release|Any CPU = Release|Any CPU
	EndGlobalSection
	GlobalSection(ProjectConfigurationPlatforms) = postSolution
		{A3D0DC57-6F23-4F91-9EA0-1A3D69FBD43D}.Debug|Any CPU.ActiveCfg = Debug|Any CPU
		{A3D0DC57-6F23-4F91-9EA0-1A3D69FBD43D}.Debug|Any CPU.Build.0 = Debug|Any CPU
		{A3D0DC57-6F23-4F91-9EA0-1A3D69FBD43D}.Release|Any CPU.ActiveCfg = Release|Any CPU
		{A3D0DC57-6F23-4F91-9EA0-1A3D69FBD43D}.Release|Any CPU.Build.0 = Release|Any CPU
	EndGlobalSection
	GlobalSection(SolutionProperties) = preSolution
		HideSolutionNode = FALSE
	EndGlobalSection
	GlobalSection(ExtensibilityGlobals) = postSolution
		SolutionGuid = {0D84BED5-0EC3-4271-822F-F29E29F2A14C}
	EndGlobalSection
EndGlobal
